
Microsoft Visual Studio Solution File, Format Version 12.00
# Visual Studio Version 16
VisualStudioVersion = 16.0.30204.135
MinimumVisualStudioVersion = 10.0.40219.1
Project("{2150E333-8FDC-42A3-9474-1A3956D46DE8}") = "3. Stack", "3. Stack", "{4C9010A7-0488-4677-BEB8-5EF3D10BCFE5}"
EndProject
Project("{8BC9CEB8-8B4A-11D0-8D11-00A0C91BC942}") = "Stack", "Stack\Stack\Stack.vcxproj", "{8558D843-736E-4FA4-B567-27131F510439}"
EndProject
Project("{2150E333-8FDC-42A3-9474-1A3956D46DE8}") = "Solution Items", "Solution Items", "{0D3C04C2-257D-4280-8FFC-45C37F4B8A53}"
	ProjectSection(SolutionItems) = preProject
		README.md = README.md
	EndProjectSection
EndProject
Project("{2150E333-8FDC-42A3-9474-1A3956D46DE8}") = "Example", "Example", "{F7151D37-2125-4073-AB7A-D91E59A80EB8}"
EndProject
Project("{8BC9CEB8-8B4A-11D0-8D11-00A0C91BC942}") = "괄호 검사", "Stack\Example\괄호 검사\괄호 검사.vcxproj", "{A54FF8C4-31A0-49AE-96AF-CD678B316963}"
EndProject
Project("{8BC9CEB8-8B4A-11D0-8D11-00A0C91BC942}") = "미로 탐색", "Stack\Example\미로 탐색\미로 탐색.vcxproj", "{3893AE2B-7035-461A-A04A-07C2F3A0C984}"
EndProject
Project("{8BC9CEB8-8B4A-11D0-8D11-00A0C91BC942}") = "계산기 프로그램", "Stack\Example\계산기 프로그램\계산기 프로그램.vcxproj", "{FE06A5CA-ECCF-44AF-BAAD-F9BEDD9A23EE}"
EndProject
Project("{2150E333-8FDC-42A3-9474-1A3956D46DE8}") = "4. Queue", "4. Queue", "{0FEAD5D0-E8DE-424D-9C36-D66A67DA8657}"
EndProject
Project("{8BC9CEB8-8B4A-11D0-8D11-00A0C91BC942}") = "Queue", "Queue\Queue\Queue.vcxproj", "{55D79183-B264-437E-A7F6-B5026D7B81DE}"
EndProject
Project("{2150E333-8FDC-42A3-9474-1A3956D46DE8}") = "Example", "Example", "{EB338A8E-E7B6-4651-96A1-D0F01322D3D3}"
EndProject
Project("{8BC9CEB8-8B4A-11D0-8D11-00A0C91BC942}") = "미로 탐색", "Queue\Example\미로 탐색\미로 탐색.vcxproj", "{9DC07EA2-ACB8-4336-8A92-29200DB3C908}"
EndProject
Project("{2150E333-8FDC-42A3-9474-1A3956D46DE8}") = "1. List", "1. List", "{BC7A7CAC-A078-456D-AC4A-F3B31D742BA0}"
EndProject
Project("{2150E333-8FDC-42A3-9474-1A3956D46DE8}") = "Example", "Example", "{5EDA081F-2FDE-4FBE-971C-C4AE7BE9EE6E}"
EndProject
Project("{8BC9CEB8-8B4A-11D0-8D11-00A0C91BC942}") = "List", "List\List\List.vcxproj", "{3CE3D8A7-0157-4967-B826-588E521C3F32}"
EndProject
Project("{8BC9CEB8-8B4A-11D0-8D11-00A0C91BC942}") = "라인 편집기", "List\Example\라인 편집기\라인 편집기.vcxproj", "{B04F25A9-5A4E-4B10-984A-E0B7570EE1C5}"
EndProject
Project("{2150E333-8FDC-42A3-9474-1A3956D46DE8}") = "5. Tree", "5. Tree", "{6F442F99-1FE8-4DD9-9B25-28BE4A8298C7}"
EndProject
Project("{8BC9CEB8-8B4A-11D0-8D11-00A0C91BC942}") = "Tree", "Tree\Tree\Tree.vcxproj", "{C6EA1661-1336-42F7-9A33-B4A923385C6D}"
EndProject
Project("{2150E333-8FDC-42A3-9474-1A3956D46DE8}") = "2. Recursion", "2. Recursion", "{B3208E20-AD47-49B8-A629-D0D41D98DA1F}"
EndProject
Project("{8BC9CEB8-8B4A-11D0-8D11-00A0C91BC942}") = "Factorial", "Recursion\Factorial\Factorial.vcxproj", "{981E0529-B49A-4DCC-91E7-48E8037D9D29}"
EndProject
Project("{8BC9CEB8-8B4A-11D0-8D11-00A0C91BC942}") = "Power", "Recursion\Power\Power.vcxproj", "{0BE02FFF-2DEA-4A36-8039-067D01D33BCD}"
EndProject
Project("{8BC9CEB8-8B4A-11D0-8D11-00A0C91BC942}") = "Fibonacci", "Recursion\Fibonacci\Fibonacci.vcxproj", "{4C124325-DF8D-4E31-A853-E44B74BE0135}"
EndProject
Project("{8BC9CEB8-8B4A-11D0-8D11-00A0C91BC942}") = "HanoiTower", "Recursion\HanoiTower\HanoiTower.vcxproj", "{99929A07-5C2B-49FF-A33D-5B63205BC22A}"
EndProject
Project("{8BC9CEB8-8B4A-11D0-8D11-00A0C91BC942}") = "BlobColoring", "Recursion\BlobColoring\BlobColoring.vcxproj", "{E0E762ED-AA03-4326-9B84-46AE01FAEE82}"
EndProject
Project("{8BC9CEB8-8B4A-11D0-8D11-00A0C91BC942}") = "미로 탐색", "Recursion\미로 탐색\미로 탐색.vcxproj", "{7B7AB678-032C-4332-908E-BEA3F9BC2AC7}"
EndProject
Project("{2150E333-8FDC-42A3-9474-1A3956D46DE8}") = "Example", "Example", "{ADC38D26-F4AE-45D1-B690-BDCDE48901DE}"
EndProject
Project("{8BC9CEB8-8B4A-11D0-8D11-00A0C91BC942}") = "ExpressionTree", "Tree\Example\ExpressionTree\ExpressionTree.vcxproj", "{91132163-6248-4512-ACDC-026F472363B3}"
EndProject
Project("{8BC9CEB8-8B4A-11D0-8D11-00A0C91BC942}") = "ThreadBinaryTree", "Tree\Example\ThreadBinaryTree\ThreadBinaryTree.vcxproj", "{7B4FB296-8858-4DD8-864D-0EEE0F6DB0A9}"
EndProject
Project("{2150E333-8FDC-42A3-9474-1A3956D46DE8}") = "6. Priority_Queue", "6. Priority_Queue", "{AD236D58-4A33-407D-A0C3-D7D006A8155A}"
EndProject
Project("{8BC9CEB8-8B4A-11D0-8D11-00A0C91BC942}") = "Priority_Queue", "Priority_Queue\Priority_Queue\Priority_Queue.vcxproj", "{2837237B-4E41-47F1-8B3E-EEC71301C902}"
EndProject
Project("{2150E333-8FDC-42A3-9474-1A3956D46DE8}") = "Example", "Example", "{966F4BDF-475F-4E35-B584-1ED315F4328F}"
EndProject
Project("{8BC9CEB8-8B4A-11D0-8D11-00A0C91BC942}") = "HeapSort", "Priority_Queue\Example\HeapSort\HeapSort.vcxproj", "{FFF5CBE8-AA78-435F-8F3A-53C26D0A7624}"
EndProject
Project("{8BC9CEB8-8B4A-11D0-8D11-00A0C91BC942}") = "HuffmanCode", "Priority_Queue\Example\HuffmanCode\HuffmanCode.vcxproj", "{6E488FC3-E6E4-4D2A-A593-FF7A6E1AFCFD}"
EndProject
Project("{2150E333-8FDC-42A3-9474-1A3956D46DE8}") = "7. Graph", "7. Graph", "{796D9E0C-2920-4C00-B8A0-B52BC5E021BF}"
EndProject
Project("{2150E333-8FDC-42A3-9474-1A3956D46DE8}") = "Example", "Example", "{8B127D98-7896-4B5E-BB05-5FE9390C3F88}"
EndProject
Project("{8BC9CEB8-8B4A-11D0-8D11-00A0C91BC942}") = "Graph", "Graph\Graph\Graph.vcxproj", "{AF9228C2-0EA7-4D04-93CF-E2EAB816956D}"
EndProject
Project("{8BC9CEB8-8B4A-11D0-8D11-00A0C91BC942}") = "Weighted_Graph", "Graph\Weighted_Graph\Weighted_Graph.vcxproj", "{3674CF16-49B5-47CB-8D7F-542E8F3995F7}"
EndProject
Project("{8BC9CEB8-8B4A-11D0-8D11-00A0C91BC942}") = "Trie", "Tree\Example\Trie\Trie.vcxproj", "{1FFE1B47-902E-453C-9C51-D8AA51A57AB9}"
EndProject
Project("{8BC9CEB8-8B4A-11D0-8D11-00A0C91BC942}") = "recursion", "Recursion\recursion\recursion.vcxproj", "{49A7997A-ED99-4B4E-9EF2-DE1D533196DB}"
EndProject
Project("{2150E333-8FDC-42A3-9474-1A3956D46DE8}") = "8. Sort", "8. Sort", "{EEA14171-3757-4E48-A6AD-876A4B75577B}"
EndProject
Project("{8BC9CEB8-8B4A-11D0-8D11-00A0C91BC942}") = "Sort", "Sort\Sort\Sort.vcxproj", "{899EB2A0-F339-434A-A74B-121A98C6C19B}"
EndProject
Global
	GlobalSection(SolutionConfigurationPlatforms) = preSolution
		Debug|x64 = Debug|x64
		Debug|x86 = Debug|x86
		Release|x64 = Release|x64
		Release|x86 = Release|x86
	EndGlobalSection
	GlobalSection(ProjectConfigurationPlatforms) = postSolution
		{8558D843-736E-4FA4-B567-27131F510439}.Debug|x64.ActiveCfg = Debug|x64
		{8558D843-736E-4FA4-B567-27131F510439}.Debug|x64.Build.0 = Debug|x64
		{8558D843-736E-4FA4-B567-27131F510439}.Debug|x86.ActiveCfg = Debug|x64
		{8558D843-736E-4FA4-B567-27131F510439}.Debug|x86.Build.0 = Debug|x64
		{8558D843-736E-4FA4-B567-27131F510439}.Release|x64.ActiveCfg = Debug|x64
		{8558D843-736E-4FA4-B567-27131F510439}.Release|x64.Build.0 = Debug|x64
		{8558D843-736E-4FA4-B567-27131F510439}.Release|x86.ActiveCfg = Debug|x64
		{8558D843-736E-4FA4-B567-27131F510439}.Release|x86.Build.0 = Debug|x64
		{A54FF8C4-31A0-49AE-96AF-CD678B316963}.Debug|x64.ActiveCfg = Debug|x64
		{A54FF8C4-31A0-49AE-96AF-CD678B316963}.Debug|x64.Build.0 = Debug|x64
		{A54FF8C4-31A0-49AE-96AF-CD678B316963}.Debug|x86.ActiveCfg = Debug|x64
		{A54FF8C4-31A0-49AE-96AF-CD678B316963}.Debug|x86.Build.0 = Debug|x64
		{A54FF8C4-31A0-49AE-96AF-CD678B316963}.Release|x64.ActiveCfg = Debug|x64
		{A54FF8C4-31A0-49AE-96AF-CD678B316963}.Release|x64.Build.0 = Debug|x64
		{A54FF8C4-31A0-49AE-96AF-CD678B316963}.Release|x86.ActiveCfg = Debug|x64
		{A54FF8C4-31A0-49AE-96AF-CD678B316963}.Release|x86.Build.0 = Debug|x64
		{3893AE2B-7035-461A-A04A-07C2F3A0C984}.Debug|x64.ActiveCfg = Debug|x64
		{3893AE2B-7035-461A-A04A-07C2F3A0C984}.Debug|x64.Build.0 = Debug|x64
		{3893AE2B-7035-461A-A04A-07C2F3A0C984}.Debug|x86.ActiveCfg = Debug|x64
		{3893AE2B-7035-461A-A04A-07C2F3A0C984}.Debug|x86.Build.0 = Debug|x64
		{3893AE2B-7035-461A-A04A-07C2F3A0C984}.Release|x64.ActiveCfg = Debug|x64
		{3893AE2B-7035-461A-A04A-07C2F3A0C984}.Release|x64.Build.0 = Debug|x64
		{3893AE2B-7035-461A-A04A-07C2F3A0C984}.Release|x86.ActiveCfg = Debug|x64
		{3893AE2B-7035-461A-A04A-07C2F3A0C984}.Release|x86.Build.0 = Debug|x64
		{FE06A5CA-ECCF-44AF-BAAD-F9BEDD9A23EE}.Debug|x64.ActiveCfg = Debug|x64
		{FE06A5CA-ECCF-44AF-BAAD-F9BEDD9A23EE}.Debug|x64.Build.0 = Debug|x64
		{FE06A5CA-ECCF-44AF-BAAD-F9BEDD9A23EE}.Debug|x86.ActiveCfg = Debug|x64
		{FE06A5CA-ECCF-44AF-BAAD-F9BEDD9A23EE}.Debug|x86.Build.0 = Debug|x64
		{FE06A5CA-ECCF-44AF-BAAD-F9BEDD9A23EE}.Release|x64.ActiveCfg = Debug|x64
		{FE06A5CA-ECCF-44AF-BAAD-F9BEDD9A23EE}.Release|x64.Build.0 = Debug|x64
		{FE06A5CA-ECCF-44AF-BAAD-F9BEDD9A23EE}.Release|x86.ActiveCfg = Debug|x64
		{FE06A5CA-ECCF-44AF-BAAD-F9BEDD9A23EE}.Release|x86.Build.0 = Debug|x64
		{55D79183-B264-437E-A7F6-B5026D7B81DE}.Debug|x64.ActiveCfg = Debug|x64
		{55D79183-B264-437E-A7F6-B5026D7B81DE}.Debug|x64.Build.0 = Debug|x64
		{55D79183-B264-437E-A7F6-B5026D7B81DE}.Debug|x86.ActiveCfg = Debug|Win32
		{55D79183-B264-437E-A7F6-B5026D7B81DE}.Debug|x86.Build.0 = Debug|Win32
		{55D79183-B264-437E-A7F6-B5026D7B81DE}.Release|x64.ActiveCfg = Release|x64
		{55D79183-B264-437E-A7F6-B5026D7B81DE}.Release|x64.Build.0 = Release|x64
		{55D79183-B264-437E-A7F6-B5026D7B81DE}.Release|x86.ActiveCfg = Release|Win32
		{55D79183-B264-437E-A7F6-B5026D7B81DE}.Release|x86.Build.0 = Release|Win32
		{9DC07EA2-ACB8-4336-8A92-29200DB3C908}.Debug|x64.ActiveCfg = Debug|x64
		{9DC07EA2-ACB8-4336-8A92-29200DB3C908}.Debug|x64.Build.0 = Debug|x64
		{9DC07EA2-ACB8-4336-8A92-29200DB3C908}.Debug|x86.ActiveCfg = Debug|Win32
		{9DC07EA2-ACB8-4336-8A92-29200DB3C908}.Debug|x86.Build.0 = Debug|Win32
		{9DC07EA2-ACB8-4336-8A92-29200DB3C908}.Release|x64.ActiveCfg = Release|x64
		{9DC07EA2-ACB8-4336-8A92-29200DB3C908}.Release|x64.Build.0 = Release|x64
		{9DC07EA2-ACB8-4336-8A92-29200DB3C908}.Release|x86.ActiveCfg = Release|Win32
		{9DC07EA2-ACB8-4336-8A92-29200DB3C908}.Release|x86.Build.0 = Release|Win32
		{3CE3D8A7-0157-4967-B826-588E521C3F32}.Debug|x64.ActiveCfg = Debug|x64
		{3CE3D8A7-0157-4967-B826-588E521C3F32}.Debug|x64.Build.0 = Debug|x64
		{3CE3D8A7-0157-4967-B826-588E521C3F32}.Debug|x86.ActiveCfg = Debug|Win32
		{3CE3D8A7-0157-4967-B826-588E521C3F32}.Debug|x86.Build.0 = Debug|Win32
		{3CE3D8A7-0157-4967-B826-588E521C3F32}.Release|x64.ActiveCfg = Release|x64
		{3CE3D8A7-0157-4967-B826-588E521C3F32}.Release|x64.Build.0 = Release|x64
		{3CE3D8A7-0157-4967-B826-588E521C3F32}.Release|x86.ActiveCfg = Release|Win32
		{3CE3D8A7-0157-4967-B826-588E521C3F32}.Release|x86.Build.0 = Release|Win32
		{B04F25A9-5A4E-4B10-984A-E0B7570EE1C5}.Debug|x64.ActiveCfg = Debug|x64
		{B04F25A9-5A4E-4B10-984A-E0B7570EE1C5}.Debug|x64.Build.0 = Debug|x64
		{B04F25A9-5A4E-4B10-984A-E0B7570EE1C5}.Debug|x86.ActiveCfg = Debug|Win32
		{B04F25A9-5A4E-4B10-984A-E0B7570EE1C5}.Debug|x86.Build.0 = Debug|Win32
		{B04F25A9-5A4E-4B10-984A-E0B7570EE1C5}.Release|x64.ActiveCfg = Release|x64
		{B04F25A9-5A4E-4B10-984A-E0B7570EE1C5}.Release|x64.Build.0 = Release|x64
		{B04F25A9-5A4E-4B10-984A-E0B7570EE1C5}.Release|x86.ActiveCfg = Release|Win32
		{B04F25A9-5A4E-4B10-984A-E0B7570EE1C5}.Release|x86.Build.0 = Release|Win32
		{C6EA1661-1336-42F7-9A33-B4A923385C6D}.Debug|x64.ActiveCfg = Debug|x64
		{C6EA1661-1336-42F7-9A33-B4A923385C6D}.Debug|x64.Build.0 = Debug|x64
		{C6EA1661-1336-42F7-9A33-B4A923385C6D}.Debug|x86.ActiveCfg = Debug|Win32
		{C6EA1661-1336-42F7-9A33-B4A923385C6D}.Debug|x86.Build.0 = Debug|Win32
		{C6EA1661-1336-42F7-9A33-B4A923385C6D}.Release|x64.ActiveCfg = Release|x64
		{C6EA1661-1336-42F7-9A33-B4A923385C6D}.Release|x64.Build.0 = Release|x64
		{C6EA1661-1336-42F7-9A33-B4A923385C6D}.Release|x86.ActiveCfg = Release|Win32
		{C6EA1661-1336-42F7-9A33-B4A923385C6D}.Release|x86.Build.0 = Release|Win32
		{981E0529-B49A-4DCC-91E7-48E8037D9D29}.Debug|x64.ActiveCfg = Debug|x64
		{981E0529-B49A-4DCC-91E7-48E8037D9D29}.Debug|x64.Build.0 = Debug|x64
		{981E0529-B49A-4DCC-91E7-48E8037D9D29}.Debug|x86.ActiveCfg = Debug|Win32
		{981E0529-B49A-4DCC-91E7-48E8037D9D29}.Debug|x86.Build.0 = Debug|Win32
		{981E0529-B49A-4DCC-91E7-48E8037D9D29}.Release|x64.ActiveCfg = Release|x64
		{981E0529-B49A-4DCC-91E7-48E8037D9D29}.Release|x64.Build.0 = Release|x64
		{981E0529-B49A-4DCC-91E7-48E8037D9D29}.Release|x86.ActiveCfg = Release|Win32
		{981E0529-B49A-4DCC-91E7-48E8037D9D29}.Release|x86.Build.0 = Release|Win32
		{0BE02FFF-2DEA-4A36-8039-067D01D33BCD}.Debug|x64.ActiveCfg = Debug|x64
		{0BE02FFF-2DEA-4A36-8039-067D01D33BCD}.Debug|x64.Build.0 = Debug|x64
		{0BE02FFF-2DEA-4A36-8039-067D01D33BCD}.Debug|x86.ActiveCfg = Debug|Win32
		{0BE02FFF-2DEA-4A36-8039-067D01D33BCD}.Debug|x86.Build.0 = Debug|Win32
		{0BE02FFF-2DEA-4A36-8039-067D01D33BCD}.Release|x64.ActiveCfg = Release|x64
		{0BE02FFF-2DEA-4A36-8039-067D01D33BCD}.Release|x64.Build.0 = Release|x64
		{0BE02FFF-2DEA-4A36-8039-067D01D33BCD}.Release|x86.ActiveCfg = Release|Win32
		{0BE02FFF-2DEA-4A36-8039-067D01D33BCD}.Release|x86.Build.0 = Release|Win32
		{4C124325-DF8D-4E31-A853-E44B74BE0135}.Debug|x64.ActiveCfg = Debug|x64
		{4C124325-DF8D-4E31-A853-E44B74BE0135}.Debug|x64.Build.0 = Debug|x64
		{4C124325-DF8D-4E31-A853-E44B74BE0135}.Debug|x86.ActiveCfg = Debug|Win32
		{4C124325-DF8D-4E31-A853-E44B74BE0135}.Debug|x86.Build.0 = Debug|Win32
		{4C124325-DF8D-4E31-A853-E44B74BE0135}.Release|x64.ActiveCfg = Release|x64
		{4C124325-DF8D-4E31-A853-E44B74BE0135}.Release|x64.Build.0 = Release|x64
		{4C124325-DF8D-4E31-A853-E44B74BE0135}.Release|x86.ActiveCfg = Release|Win32
		{4C124325-DF8D-4E31-A853-E44B74BE0135}.Release|x86.Build.0 = Release|Win32
		{99929A07-5C2B-49FF-A33D-5B63205BC22A}.Debug|x64.ActiveCfg = Debug|x64
		{99929A07-5C2B-49FF-A33D-5B63205BC22A}.Debug|x64.Build.0 = Debug|x64
		{99929A07-5C2B-49FF-A33D-5B63205BC22A}.Debug|x86.ActiveCfg = Debug|Win32
		{99929A07-5C2B-49FF-A33D-5B63205BC22A}.Debug|x86.Build.0 = Debug|Win32
		{99929A07-5C2B-49FF-A33D-5B63205BC22A}.Release|x64.ActiveCfg = Release|x64
		{99929A07-5C2B-49FF-A33D-5B63205BC22A}.Release|x64.Build.0 = Release|x64
		{99929A07-5C2B-49FF-A33D-5B63205BC22A}.Release|x86.ActiveCfg = Release|Win32
		{99929A07-5C2B-49FF-A33D-5B63205BC22A}.Release|x86.Build.0 = Release|Win32
		{E0E762ED-AA03-4326-9B84-46AE01FAEE82}.Debug|x64.ActiveCfg = Debug|x64
		{E0E762ED-AA03-4326-9B84-46AE01FAEE82}.Debug|x64.Build.0 = Debug|x64
		{E0E762ED-AA03-4326-9B84-46AE01FAEE82}.Debug|x86.ActiveCfg = Debug|Win32
		{E0E762ED-AA03-4326-9B84-46AE01FAEE82}.Debug|x86.Build.0 = Debug|Win32
		{E0E762ED-AA03-4326-9B84-46AE01FAEE82}.Release|x64.ActiveCfg = Release|x64
		{E0E762ED-AA03-4326-9B84-46AE01FAEE82}.Release|x64.Build.0 = Release|x64
		{E0E762ED-AA03-4326-9B84-46AE01FAEE82}.Release|x86.ActiveCfg = Release|Win32
		{E0E762ED-AA03-4326-9B84-46AE01FAEE82}.Release|x86.Build.0 = Release|Win32
		{7B7AB678-032C-4332-908E-BEA3F9BC2AC7}.Debug|x64.ActiveCfg = Debug|x64
		{7B7AB678-032C-4332-908E-BEA3F9BC2AC7}.Debug|x64.Build.0 = Debug|x64
		{7B7AB678-032C-4332-908E-BEA3F9BC2AC7}.Debug|x86.ActiveCfg = Debug|Win32
		{7B7AB678-032C-4332-908E-BEA3F9BC2AC7}.Debug|x86.Build.0 = Debug|Win32
		{7B7AB678-032C-4332-908E-BEA3F9BC2AC7}.Release|x64.ActiveCfg = Release|x64
		{7B7AB678-032C-4332-908E-BEA3F9BC2AC7}.Release|x64.Build.0 = Release|x64
		{7B7AB678-032C-4332-908E-BEA3F9BC2AC7}.Release|x86.ActiveCfg = Release|Win32
		{7B7AB678-032C-4332-908E-BEA3F9BC2AC7}.Release|x86.Build.0 = Release|Win32
		{91132163-6248-4512-ACDC-026F472363B3}.Debug|x64.ActiveCfg = Debug|x64
		{91132163-6248-4512-ACDC-026F472363B3}.Debug|x64.Build.0 = Debug|x64
		{91132163-6248-4512-ACDC-026F472363B3}.Debug|x86.ActiveCfg = Debug|Win32
		{91132163-6248-4512-ACDC-026F472363B3}.Debug|x86.Build.0 = Debug|Win32
		{91132163-6248-4512-ACDC-026F472363B3}.Release|x64.ActiveCfg = Release|x64
		{91132163-6248-4512-ACDC-026F472363B3}.Release|x64.Build.0 = Release|x64
		{91132163-6248-4512-ACDC-026F472363B3}.Release|x86.ActiveCfg = Release|Win32
		{91132163-6248-4512-ACDC-026F472363B3}.Release|x86.Build.0 = Release|Win32
		{7B4FB296-8858-4DD8-864D-0EEE0F6DB0A9}.Debug|x64.ActiveCfg = Debug|x64
		{7B4FB296-8858-4DD8-864D-0EEE0F6DB0A9}.Debug|x64.Build.0 = Debug|x64
		{7B4FB296-8858-4DD8-864D-0EEE0F6DB0A9}.Debug|x86.ActiveCfg = Debug|Win32
		{7B4FB296-8858-4DD8-864D-0EEE0F6DB0A9}.Debug|x86.Build.0 = Debug|Win32
		{7B4FB296-8858-4DD8-864D-0EEE0F6DB0A9}.Release|x64.ActiveCfg = Release|x64
		{7B4FB296-8858-4DD8-864D-0EEE0F6DB0A9}.Release|x64.Build.0 = Release|x64
		{7B4FB296-8858-4DD8-864D-0EEE0F6DB0A9}.Release|x86.ActiveCfg = Release|Win32
		{7B4FB296-8858-4DD8-864D-0EEE0F6DB0A9}.Release|x86.Build.0 = Release|Win32
		{2837237B-4E41-47F1-8B3E-EEC71301C902}.Debug|x64.ActiveCfg = Debug|x64
		{2837237B-4E41-47F1-8B3E-EEC71301C902}.Debug|x64.Build.0 = Debug|x64
		{2837237B-4E41-47F1-8B3E-EEC71301C902}.Debug|x86.ActiveCfg = Debug|Win32
		{2837237B-4E41-47F1-8B3E-EEC71301C902}.Debug|x86.Build.0 = Debug|Win32
		{2837237B-4E41-47F1-8B3E-EEC71301C902}.Release|x64.ActiveCfg = Release|x64
		{2837237B-4E41-47F1-8B3E-EEC71301C902}.Release|x64.Build.0 = Release|x64
		{2837237B-4E41-47F1-8B3E-EEC71301C902}.Release|x86.ActiveCfg = Release|Win32
		{2837237B-4E41-47F1-8B3E-EEC71301C902}.Release|x86.Build.0 = Release|Win32
		{FFF5CBE8-AA78-435F-8F3A-53C26D0A7624}.Debug|x64.ActiveCfg = Debug|x64
		{FFF5CBE8-AA78-435F-8F3A-53C26D0A7624}.Debug|x64.Build.0 = Debug|x64
		{FFF5CBE8-AA78-435F-8F3A-53C26D0A7624}.Debug|x86.ActiveCfg = Debug|Win32
		{FFF5CBE8-AA78-435F-8F3A-53C26D0A7624}.Debug|x86.Build.0 = Debug|Win32
		{FFF5CBE8-AA78-435F-8F3A-53C26D0A7624}.Release|x64.ActiveCfg = Release|x64
		{FFF5CBE8-AA78-435F-8F3A-53C26D0A7624}.Release|x64.Build.0 = Release|x64
		{FFF5CBE8-AA78-435F-8F3A-53C26D0A7624}.Release|x86.ActiveCfg = Release|Win32
		{FFF5CBE8-AA78-435F-8F3A-53C26D0A7624}.Release|x86.Build.0 = Release|Win32
		{6E488FC3-E6E4-4D2A-A593-FF7A6E1AFCFD}.Debug|x64.ActiveCfg = Debug|x64
		{6E488FC3-E6E4-4D2A-A593-FF7A6E1AFCFD}.Debug|x64.Build.0 = Debug|x64
		{6E488FC3-E6E4-4D2A-A593-FF7A6E1AFCFD}.Debug|x86.ActiveCfg = Debug|Win32
		{6E488FC3-E6E4-4D2A-A593-FF7A6E1AFCFD}.Debug|x86.Build.0 = Debug|Win32
		{6E488FC3-E6E4-4D2A-A593-FF7A6E1AFCFD}.Release|x64.ActiveCfg = Release|x64
		{6E488FC3-E6E4-4D2A-A593-FF7A6E1AFCFD}.Release|x64.Build.0 = Release|x64
		{6E488FC3-E6E4-4D2A-A593-FF7A6E1AFCFD}.Release|x86.ActiveCfg = Release|Win32
		{6E488FC3-E6E4-4D2A-A593-FF7A6E1AFCFD}.Release|x86.Build.0 = Release|Win32
		{AF9228C2-0EA7-4D04-93CF-E2EAB816956D}.Debug|x64.ActiveCfg = Debug|x64
		{AF9228C2-0EA7-4D04-93CF-E2EAB816956D}.Debug|x64.Build.0 = Debug|x64
		{AF9228C2-0EA7-4D04-93CF-E2EAB816956D}.Debug|x86.ActiveCfg = Debug|Win32
		{AF9228C2-0EA7-4D04-93CF-E2EAB816956D}.Debug|x86.Build.0 = Debug|Win32
		{AF9228C2-0EA7-4D04-93CF-E2EAB816956D}.Release|x64.ActiveCfg = Release|x64
		{AF9228C2-0EA7-4D04-93CF-E2EAB816956D}.Release|x64.Build.0 = Release|x64
		{AF9228C2-0EA7-4D04-93CF-E2EAB816956D}.Release|x86.ActiveCfg = Release|Win32
		{AF9228C2-0EA7-4D04-93CF-E2EAB816956D}.Release|x86.Build.0 = Release|Win32
		{3674CF16-49B5-47CB-8D7F-542E8F3995F7}.Debug|x64.ActiveCfg = Debug|x64
		{3674CF16-49B5-47CB-8D7F-542E8F3995F7}.Debug|x64.Build.0 = Debug|x64
		{3674CF16-49B5-47CB-8D7F-542E8F3995F7}.Debug|x86.ActiveCfg = Debug|Win32
		{3674CF16-49B5-47CB-8D7F-542E8F3995F7}.Debug|x86.Build.0 = Debug|Win32
		{3674CF16-49B5-47CB-8D7F-542E8F3995F7}.Release|x64.ActiveCfg = Release|x64
		{3674CF16-49B5-47CB-8D7F-542E8F3995F7}.Release|x64.Build.0 = Release|x64
		{3674CF16-49B5-47CB-8D7F-542E8F3995F7}.Release|x86.ActiveCfg = Release|Win32
		{3674CF16-49B5-47CB-8D7F-542E8F3995F7}.Release|x86.Build.0 = Release|Win32
		{1FFE1B47-902E-453C-9C51-D8AA51A57AB9}.Debug|x64.ActiveCfg = Debug|x64
		{1FFE1B47-902E-453C-9C51-D8AA51A57AB9}.Debug|x64.Build.0 = Debug|x64
		{1FFE1B47-902E-453C-9C51-D8AA51A57AB9}.Debug|x86.ActiveCfg = Debug|Win32
		{1FFE1B47-902E-453C-9C51-D8AA51A57AB9}.Debug|x86.Build.0 = Debug|Win32
		{1FFE1B47-902E-453C-9C51-D8AA51A57AB9}.Release|x64.ActiveCfg = Release|x64
		{1FFE1B47-902E-453C-9C51-D8AA51A57AB9}.Release|x64.Build.0 = Release|x64
		{1FFE1B47-902E-453C-9C51-D8AA51A57AB9}.Release|x86.ActiveCfg = Release|Win32
		{1FFE1B47-902E-453C-9C51-D8AA51A57AB9}.Release|x86.Build.0 = Release|Win32
		{49A7997A-ED99-4B4E-9EF2-DE1D533196DB}.Debug|x64.ActiveCfg = Debug|x64
		{49A7997A-ED99-4B4E-9EF2-DE1D533196DB}.Debug|x64.Build.0 = Debug|x64
		{49A7997A-ED99-4B4E-9EF2-DE1D533196DB}.Debug|x86.ActiveCfg = Debug|Win32
		{49A7997A-ED99-4B4E-9EF2-DE1D533196DB}.Debug|x86.Build.0 = Debug|Win32
		{49A7997A-ED99-4B4E-9EF2-DE1D533196DB}.Release|x64.ActiveCfg = Release|x64
		{49A7997A-ED99-4B4E-9EF2-DE1D533196DB}.Release|x64.Build.0 = Release|x64
		{49A7997A-ED99-4B4E-9EF2-DE1D533196DB}.Release|x86.ActiveCfg = Release|Win32
		{49A7997A-ED99-4B4E-9EF2-DE1D533196DB}.Release|x86.Build.0 = Release|Win32
		{899EB2A0-F339-434A-A74B-121A98C6C19B}.Debug|x64.ActiveCfg = Debug|x64
		{899EB2A0-F339-434A-A74B-121A98C6C19B}.Debug|x64.Build.0 = Debug|x64
		{899EB2A0-F339-434A-A74B-121A98C6C19B}.Debug|x86.ActiveCfg = Debug|Win32
		{899EB2A0-F339-434A-A74B-121A98C6C19B}.Debug|x86.Build.0 = Debug|Win32
		{899EB2A0-F339-434A-A74B-121A98C6C19B}.Release|x64.ActiveCfg = Release|x64
		{899EB2A0-F339-434A-A74B-121A98C6C19B}.Release|x64.Build.0 = Release|x64
		{899EB2A0-F339-434A-A74B-121A98C6C19B}.Release|x86.ActiveCfg = Release|Win32
		{899EB2A0-F339-434A-A74B-121A98C6C19B}.Release|x86.Build.0 = Release|Win32
	EndGlobalSection
	GlobalSection(SolutionProperties) = preSolution
		HideSolutionNode = FALSE
	EndGlobalSection
	GlobalSection(NestedProjects) = preSolution
		{8558D843-736E-4FA4-B567-27131F510439} = {4C9010A7-0488-4677-BEB8-5EF3D10BCFE5}
		{F7151D37-2125-4073-AB7A-D91E59A80EB8} = {4C9010A7-0488-4677-BEB8-5EF3D10BCFE5}
		{A54FF8C4-31A0-49AE-96AF-CD678B316963} = {F7151D37-2125-4073-AB7A-D91E59A80EB8}
		{3893AE2B-7035-461A-A04A-07C2F3A0C984} = {F7151D37-2125-4073-AB7A-D91E59A80EB8}
		{FE06A5CA-ECCF-44AF-BAAD-F9BEDD9A23EE} = {F7151D37-2125-4073-AB7A-D91E59A80EB8}
		{55D79183-B264-437E-A7F6-B5026D7B81DE} = {0FEAD5D0-E8DE-424D-9C36-D66A67DA8657}
		{EB338A8E-E7B6-4651-96A1-D0F01322D3D3} = {0FEAD5D0-E8DE-424D-9C36-D66A67DA8657}
		{9DC07EA2-ACB8-4336-8A92-29200DB3C908} = {EB338A8E-E7B6-4651-96A1-D0F01322D3D3}
		{5EDA081F-2FDE-4FBE-971C-C4AE7BE9EE6E} = {BC7A7CAC-A078-456D-AC4A-F3B31D742BA0}
		{3CE3D8A7-0157-4967-B826-588E521C3F32} = {BC7A7CAC-A078-456D-AC4A-F3B31D742BA0}
		{B04F25A9-5A4E-4B10-984A-E0B7570EE1C5} = {5EDA081F-2FDE-4FBE-971C-C4AE7BE9EE6E}
		{C6EA1661-1336-42F7-9A33-B4A923385C6D} = {6F442F99-1FE8-4DD9-9B25-28BE4A8298C7}
		{981E0529-B49A-4DCC-91E7-48E8037D9D29} = {B3208E20-AD47-49B8-A629-D0D41D98DA1F}
		{0BE02FFF-2DEA-4A36-8039-067D01D33BCD} = {B3208E20-AD47-49B8-A629-D0D41D98DA1F}
		{4C124325-DF8D-4E31-A853-E44B74BE0135} = {B3208E20-AD47-49B8-A629-D0D41D98DA1F}
		{99929A07-5C2B-49FF-A33D-5B63205BC22A} = {B3208E20-AD47-49B8-A629-D0D41D98DA1F}
		{E0E762ED-AA03-4326-9B84-46AE01FAEE82} = {B3208E20-AD47-49B8-A629-D0D41D98DA1F}
		{7B7AB678-032C-4332-908E-BEA3F9BC2AC7} = {B3208E20-AD47-49B8-A629-D0D41D98DA1F}
		{ADC38D26-F4AE-45D1-B690-BDCDE48901DE} = {6F442F99-1FE8-4DD9-9B25-28BE4A8298C7}
		{91132163-6248-4512-ACDC-026F472363B3} = {ADC38D26-F4AE-45D1-B690-BDCDE48901DE}
		{7B4FB296-8858-4DD8-864D-0EEE0F6DB0A9} = {ADC38D26-F4AE-45D1-B690-BDCDE48901DE}
		{2837237B-4E41-47F1-8B3E-EEC71301C902} = {AD236D58-4A33-407D-A0C3-D7D006A8155A}
		{966F4BDF-475F-4E35-B584-1ED315F4328F} = {AD236D58-4A33-407D-A0C3-D7D006A8155A}
		{FFF5CBE8-AA78-435F-8F3A-53C26D0A7624} = {966F4BDF-475F-4E35-B584-1ED315F4328F}
		{6E488FC3-E6E4-4D2A-A593-FF7A6E1AFCFD} = {966F4BDF-475F-4E35-B584-1ED315F4328F}
		{8B127D98-7896-4B5E-BB05-5FE9390C3F88} = {796D9E0C-2920-4C00-B8A0-B52BC5E021BF}
		{AF9228C2-0EA7-4D04-93CF-E2EAB816956D} = {796D9E0C-2920-4C00-B8A0-B52BC5E021BF}
		{3674CF16-49B5-47CB-8D7F-542E8F3995F7} = {796D9E0C-2920-4C00-B8A0-B52BC5E021BF}
		{1FFE1B47-902E-453C-9C51-D8AA51A57AB9} = {ADC38D26-F4AE-45D1-B690-BDCDE48901DE}
		{49A7997A-ED99-4B4E-9EF2-DE1D533196DB} = {B3208E20-AD47-49B8-A629-D0D41D98DA1F}
		{899EB2A0-F339-434A-A74B-121A98C6C19B} = {EEA14171-3757-4E48-A6AD-876A4B75577B}
	EndGlobalSection
	GlobalSection(ExtensibilityGlobals) = postSolution
		SolutionGuid = {1AB1DAEB-8FE1-4A88-95EF-8F0214BED1BB}
	EndGlobalSection
EndGlobal
